
Microsoft Visual Studio Solution File, Format Version 12.00
# Visual Studio Version 17
VisualStudioVersion = 17.8.34316.72
MinimumVisualStudioVersion = 10.0.40219.1
Project("{FAE04EC0-301F-11D3-BF4B-00C04F79EFBC}") = "01_task", "01_task\01_task.csproj", "{4870863A-614D-4C8C-A30A-3DE718729B0C}"
EndProject
Project("{FAE04EC0-301F-11D3-BF4B-00C04F79EFBC}") = "02_task", "02_task\02_task.csproj", "{02C332CB-6A6C-4D6B-9720-7CB987D832CD}"
EndProject
Project("{FAE04EC0-301F-11D3-BF4B-00C04F79EFBC}") = "03_task", "03_task\03_task.csproj", "{2B370EF2-5AC6-4319-A22E-D554B8BF06D3}"
EndProject
Project("{FAE04EC0-301F-11D3-BF4B-00C04F79EFBC}") = "04_task", "04_task\04_task.csproj", "{5FF41981-7D9A-4975-BE15-03107B6CA184}"
EndProject
Project("{FAE04EC0-301F-11D3-BF4B-00C04F79EFBC}") = "05_task", "05_task\05_task.csproj", "{0F2C831D-D56A-4327-89B9-14A8C93794D3}"
EndProject
Project("{FAE04EC0-301F-11D3-BF4B-00C04F79EFBC}") = "06-task", "06-task\06-task.csproj", "{2BA19085-1318-4AF5-8909-9E2AF5ABDA28}"
EndProject
Project("{FAE04EC0-301F-11D3-BF4B-00C04F79EFBC}") = "07_task", "07_task\07_task.csproj", "{59A25733-E62B-4281-90A1-A1EA3BBC11FC}"
EndProject
Project("{FAE04EC0-301F-11D3-BF4B-00C04F79EFBC}") = "08_task", "08_task\08_task.csproj", "{923EFFC1-CD77-4BC7-8A91-C7D105651472}"
EndProject
Project("{FAE04EC0-301F-11D3-BF4B-00C04F79EFBC}") = "09_task", "09_task\09_task.csproj", "{3FC41018-C643-4939-B4CF-48B63AE25391}"
EndProject
Project("{FAE04EC0-301F-11D3-BF4B-00C04F79EFBC}") = "12_task", "12_task\12_task.csproj", "{E6F4D4A7-2C72-4846-81F9-7114F185AE2E}"
EndProject
Project("{FAE04EC0-301F-11D3-BF4B-00C04F79EFBC}") = "13_task", "13_task\13_task.csproj", "{E43D9E47-41E0-4256-9497-51EB26F6D34B}"
EndProject
Project("{FAE04EC0-301F-11D3-BF4B-00C04F79EFBC}") = "10_task", "10_task\10_task.csproj", "{D794A77F-86C9-4E77-8192-7EDC9C707A1E}"
EndProject
Project("{FAE04EC0-301F-11D3-BF4B-00C04F79EFBC}") = "11_task", "11_task\11_task.csproj", "{5AE85E80-9014-4C4F-8C3E-893ABDB8A3EB}"
EndProject
Project("{FAE04EC0-301F-11D3-BF4B-00C04F79EFBC}") = "14-task", "14-task\14-task.csproj", "{72A5B38E-27E4-4F1E-882F-B335C3D2DB9E}"
EndProject
Project("{FAE04EC0-301F-11D3-BF4B-00C04F79EFBC}") = "15_task", "15_task\15_task.csproj", "{DA7D6BF1-97C9-44D2-B9EB-47B4C5141B4D}"
EndProject
Project("{FAE04EC0-301F-11D3-BF4B-00C04F79EFBC}") = "16_task", "16_task\16_task.csproj", "{4089B528-AD36-430A-9191-D29C9F33F8B3}"
EndProject
Project("{FAE04EC0-301F-11D3-BF4B-00C04F79EFBC}") = "17_task", "17_task\17_task.csproj", "{1362A925-7938-4193-8348-903FBF15DFE9}"
EndProject
Project("{FAE04EC0-301F-11D3-BF4B-00C04F79EFBC}") = "18_task", "18_task\18_task.csproj", "{48A881A5-79FE-4320-8E43-4413CD164C18}"
EndProject
Project("{FAE04EC0-301F-11D3-BF4B-00C04F79EFBC}") = "19_task", "19_task\19_task.csproj", "{4500D837-4710-48B1-9C76-025B0DA3FFF4}"
EndProject
Project("{FAE04EC0-301F-11D3-BF4B-00C04F79EFBC}") = "BalansAccount", "BalansAccount\BalansAccount.csproj", "{02551026-29F1-414A-8302-D7D292722861}"
EndProject
Project("{FAE04EC0-301F-11D3-BF4B-00C04F79EFBC}") = "Graduated", "Graduated\Graduated.csproj", "{6313B894-D270-4BCF-AD9A-39FBC875887C}"
EndProject
Project("{FAE04EC0-301F-11D3-BF4B-00C04F79EFBC}") = "EasyTasks", "EasyTasks\EasyTasks.csproj", "{A9B79393-6833-4173-9256-E4A2BCE0C92F}"
EndProject
Global
	GlobalSection(SolutionConfigurationPlatforms) = preSolution
		Debug|Any CPU = Debug|Any CPU
		Release|Any CPU = Release|Any CPU
	EndGlobalSection
	GlobalSection(ProjectConfigurationPlatforms) = postSolution
		{4870863A-614D-4C8C-A30A-3DE718729B0C}.Debug|Any CPU.ActiveCfg = Debug|Any CPU
		{4870863A-614D-4C8C-A30A-3DE718729B0C}.Debug|Any CPU.Build.0 = Debug|Any CPU
		{4870863A-614D-4C8C-A30A-3DE718729B0C}.Release|Any CPU.ActiveCfg = Release|Any CPU
		{4870863A-614D-4C8C-A30A-3DE718729B0C}.Release|Any CPU.Build.0 = Release|Any CPU
		{02C332CB-6A6C-4D6B-9720-7CB987D832CD}.Debug|Any CPU.ActiveCfg = Debug|Any CPU
		{02C332CB-6A6C-4D6B-9720-7CB987D832CD}.Debug|Any CPU.Build.0 = Debug|Any CPU
		{02C332CB-6A6C-4D6B-9720-7CB987D832CD}.Release|Any CPU.ActiveCfg = Release|Any CPU
		{02C332CB-6A6C-4D6B-9720-7CB987D832CD}.Release|Any CPU.Build.0 = Release|Any CPU
		{2B370EF2-5AC6-4319-A22E-D554B8BF06D3}.Debug|Any CPU.ActiveCfg = Debug|Any CPU
		{2B370EF2-5AC6-4319-A22E-D554B8BF06D3}.Debug|Any CPU.Build.0 = Debug|Any CPU
		{2B370EF2-5AC6-4319-A22E-D554B8BF06D3}.Release|Any CPU.ActiveCfg = Release|Any CPU
		{2B370EF2-5AC6-4319-A22E-D554B8BF06D3}.Release|Any CPU.Build.0 = Release|Any CPU
		{5FF41981-7D9A-4975-BE15-03107B6CA184}.Debug|Any CPU.ActiveCfg = Debug|Any CPU
		{5FF41981-7D9A-4975-BE15-03107B6CA184}.Debug|Any CPU.Build.0 = Debug|Any CPU
		{5FF41981-7D9A-4975-BE15-03107B6CA184}.Release|Any CPU.ActiveCfg = Release|Any CPU
		{5FF41981-7D9A-4975-BE15-03107B6CA184}.Release|Any CPU.Build.0 = Release|Any CPU
		{0F2C831D-D56A-4327-89B9-14A8C93794D3}.Debug|Any CPU.ActiveCfg = Debug|Any CPU
		{0F2C831D-D56A-4327-89B9-14A8C93794D3}.Debug|Any CPU.Build.0 = Debug|Any CPU
		{0F2C831D-D56A-4327-89B9-14A8C93794D3}.Release|Any CPU.ActiveCfg = Release|Any CPU
		{0F2C831D-D56A-4327-89B9-14A8C93794D3}.Release|Any CPU.Build.0 = Release|Any CPU
		{2BA19085-1318-4AF5-8909-9E2AF5ABDA28}.Debug|Any CPU.ActiveCfg = Debug|Any CPU
		{2BA19085-1318-4AF5-8909-9E2AF5ABDA28}.Debug|Any CPU.Build.0 = Debug|Any CPU
		{2BA19085-1318-4AF5-8909-9E2AF5ABDA28}.Release|Any CPU.ActiveCfg = Release|Any CPU
		{2BA19085-1318-4AF5-8909-9E2AF5ABDA28}.Release|Any CPU.Build.0 = Release|Any CPU
		{59A25733-E62B-4281-90A1-A1EA3BBC11FC}.Debug|Any CPU.ActiveCfg = Debug|Any CPU
		{59A25733-E62B-4281-90A1-A1EA3BBC11FC}.Debug|Any CPU.Build.0 = Debug|Any CPU
		{59A25733-E62B-4281-90A1-A1EA3BBC11FC}.Release|Any CPU.ActiveCfg = Release|Any CPU
		{59A25733-E62B-4281-90A1-A1EA3BBC11FC}.Release|Any CPU.Build.0 = Release|Any CPU
		{923EFFC1-CD77-4BC7-8A91-C7D105651472}.Debug|Any CPU.ActiveCfg = Debug|Any CPU
		{923EFFC1-CD77-4BC7-8A91-C7D105651472}.Debug|Any CPU.Build.0 = Debug|Any CPU
		{923EFFC1-CD77-4BC7-8A91-C7D105651472}.Release|Any CPU.ActiveCfg = Release|Any CPU
		{923EFFC1-CD77-4BC7-8A91-C7D105651472}.Release|Any CPU.Build.0 = Release|Any CPU
		{3FC41018-C643-4939-B4CF-48B63AE25391}.Debug|Any CPU.ActiveCfg = Debug|Any CPU
		{3FC41018-C643-4939-B4CF-48B63AE25391}.Debug|Any CPU.Build.0 = Debug|Any CPU
		{3FC41018-C643-4939-B4CF-48B63AE25391}.Release|Any CPU.ActiveCfg = Release|Any CPU
		{3FC41018-C643-4939-B4CF-48B63AE25391}.Release|Any CPU.Build.0 = Release|Any CPU
		{E6F4D4A7-2C72-4846-81F9-7114F185AE2E}.Debug|Any CPU.ActiveCfg = Debug|Any CPU
		{E6F4D4A7-2C72-4846-81F9-7114F185AE2E}.Debug|Any CPU.Build.0 = Debug|Any CPU
		{E6F4D4A7-2C72-4846-81F9-7114F185AE2E}.Release|Any CPU.ActiveCfg = Release|Any CPU
		{E6F4D4A7-2C72-4846-81F9-7114F185AE2E}.Release|Any CPU.Build.0 = Release|Any CPU
		{E43D9E47-41E0-4256-9497-51EB26F6D34B}.Debug|Any CPU.ActiveCfg = Debug|Any CPU
		{E43D9E47-41E0-4256-9497-51EB26F6D34B}.Debug|Any CPU.Build.0 = Debug|Any CPU
		{E43D9E47-41E0-4256-9497-51EB26F6D34B}.Release|Any CPU.ActiveCfg = Release|Any CPU
		{E43D9E47-41E0-4256-9497-51EB26F6D34B}.Release|Any CPU.Build.0 = Release|Any CPU
		{D794A77F-86C9-4E77-8192-7EDC9C707A1E}.Debug|Any CPU.ActiveCfg = Debug|Any CPU
		{D794A77F-86C9-4E77-8192-7EDC9C707A1E}.Debug|Any CPU.Build.0 = Debug|Any CPU
		{D794A77F-86C9-4E77-8192-7EDC9C707A1E}.Release|Any CPU.ActiveCfg = Release|Any CPU
		{D794A77F-86C9-4E77-8192-7EDC9C707A1E}.Release|Any CPU.Build.0 = Release|Any CPU
		{5AE85E80-9014-4C4F-8C3E-893ABDB8A3EB}.Debug|Any CPU.ActiveCfg = Debug|Any CPU
		{5AE85E80-9014-4C4F-8C3E-893ABDB8A3EB}.Debug|Any CPU.Build.0 = Debug|Any CPU
		{5AE85E80-9014-4C4F-8C3E-893ABDB8A3EB}.Release|Any CPU.ActiveCfg = Release|Any CPU
		{5AE85E80-9014-4C4F-8C3E-893ABDB8A3EB}.Release|Any CPU.Build.0 = Release|Any CPU
		{72A5B38E-27E4-4F1E-882F-B335C3D2DB9E}.Debug|Any CPU.ActiveCfg = Debug|Any CPU
		{72A5B38E-27E4-4F1E-882F-B335C3D2DB9E}.Debug|Any CPU.Build.0 = Debug|Any CPU
		{72A5B38E-27E4-4F1E-882F-B335C3D2DB9E}.Release|Any CPU.ActiveCfg = Release|Any CPU
		{72A5B38E-27E4-4F1E-882F-B335C3D2DB9E}.Release|Any CPU.Build.0 = Release|Any CPU
		{DA7D6BF1-97C9-44D2-B9EB-47B4C5141B4D}.Debug|Any CPU.ActiveCfg = Debug|Any CPU
		{DA7D6BF1-97C9-44D2-B9EB-47B4C5141B4D}.Debug|Any CPU.Build.0 = Debug|Any CPU
		{DA7D6BF1-97C9-44D2-B9EB-47B4C5141B4D}.Release|Any CPU.ActiveCfg = Release|Any CPU
		{DA7D6BF1-97C9-44D2-B9EB-47B4C5141B4D}.Release|Any CPU.Build.0 = Release|Any CPU
		{4089B528-AD36-430A-9191-D29C9F33F8B3}.Debug|Any CPU.ActiveCfg = Debug|Any CPU
		{4089B528-AD36-430A-9191-D29C9F33F8B3}.Debug|Any CPU.Build.0 = Debug|Any CPU
		{4089B528-AD36-430A-9191-D29C9F33F8B3}.Release|Any CPU.ActiveCfg = Release|Any CPU
		{4089B528-AD36-430A-9191-D29C9F33F8B3}.Release|Any CPU.Build.0 = Release|Any CPU
		{1362A925-7938-4193-8348-903FBF15DFE9}.Debug|Any CPU.ActiveCfg = Debug|Any CPU
		{1362A925-7938-4193-8348-903FBF15DFE9}.Debug|Any CPU.Build.0 = Debug|Any CPU
		{1362A925-7938-4193-8348-903FBF15DFE9}.Release|Any CPU.ActiveCfg = Release|Any CPU
		{1362A925-7938-4193-8348-903FBF15DFE9}.Release|Any CPU.Build.0 = Release|Any CPU
		{48A881A5-79FE-4320-8E43-4413CD164C18}.Debug|Any CPU.ActiveCfg = Debug|Any CPU
		{48A881A5-79FE-4320-8E43-4413CD164C18}.Debug|Any CPU.Build.0 = Debug|Any CPU
		{48A881A5-79FE-4320-8E43-4413CD164C18}.Release|Any CPU.ActiveCfg = Release|Any CPU
		{48A881A5-79FE-4320-8E43-4413CD164C18}.Release|Any CPU.Build.0 = Release|Any CPU
		{4500D837-4710-48B1-9C76-025B0DA3FFF4}.Debug|Any CPU.ActiveCfg = Debug|Any CPU
		{4500D837-4710-48B1-9C76-025B0DA3FFF4}.Debug|Any CPU.Build.0 = Debug|Any CPU
		{4500D837-4710-48B1-9C76-025B0DA3FFF4}.Release|Any CPU.ActiveCfg = Release|Any CPU
		{4500D837-4710-48B1-9C76-025B0DA3FFF4}.Release|Any CPU.Build.0 = Release|Any CPU
		{02551026-29F1-414A-8302-D7D292722861}.Debug|Any CPU.ActiveCfg = Debug|Any CPU
		{02551026-29F1-414A-8302-D7D292722861}.Debug|Any CPU.Build.0 = Debug|Any CPU
		{02551026-29F1-414A-8302-D7D292722861}.Release|Any CPU.ActiveCfg = Release|Any CPU
		{02551026-29F1-414A-8302-D7D292722861}.Release|Any CPU.Build.0 = Release|Any CPU
		{6313B894-D270-4BCF-AD9A-39FBC875887C}.Debug|Any CPU.ActiveCfg = Debug|Any CPU
		{6313B894-D270-4BCF-AD9A-39FBC875887C}.Debug|Any CPU.Build.0 = Debug|Any CPU
		{6313B894-D270-4BCF-AD9A-39FBC875887C}.Release|Any CPU.ActiveCfg = Release|Any CPU
		{6313B894-D270-4BCF-AD9A-39FBC875887C}.Release|Any CPU.Build.0 = Release|Any CPU
		{A9B79393-6833-4173-9256-E4A2BCE0C92F}.Debug|Any CPU.ActiveCfg = Debug|Any CPU
		{A9B79393-6833-4173-9256-E4A2BCE0C92F}.Debug|Any CPU.Build.0 = Debug|Any CPU
		{A9B79393-6833-4173-9256-E4A2BCE0C92F}.Release|Any CPU.ActiveCfg = Release|Any CPU
		{A9B79393-6833-4173-9256-E4A2BCE0C92F}.Release|Any CPU.Build.0 = Release|Any CPU
	EndGlobalSection
	GlobalSection(SolutionProperties) = preSolution
		HideSolutionNode = FALSE
	EndGlobalSection
	GlobalSection(ExtensibilityGlobals) = postSolution
		SolutionGuid = {CFB01AA3-E1CA-4C35-A3B5-2AC71AE64B5A}
	EndGlobalSection
EndGlobal
